<?xml version="1.0" encoding="utf-8"?>
<Project ToolsVersion="4.0" xmlns="http://schemas.microsoft.com/developer/msbuild/2003">
  <ItemGroup>
    <Filter Include="Source Files">
      <UniqueIdentifier>{4FC737F1-C7A5-4376-A066-2A32D752A2FF}</UniqueIdentifier>
      <Extensions>cpp;c;cc;cxx;c++;cppm;ixx;def;odl;idl;hpj;bat;asm;asmx</Extensions>
    </Filter>
    <Filter Include="Resource Files">
      <UniqueIdentifier>{67DA6AB6-F800-4c08-8B7A-83BB121AAD01}</UniqueIdentifier>
      <Extensions>rc;ico;cur;bmp;dlg;rc2;rct;bin;rgs;gif;jpg;jpeg;jpe;resx;tiff;tif;png;wav;mfcribbon-ms</Extensions>
    </Filter>
    <Filter Include="Shaders">
      <UniqueIdentifier>{a301eef1-63de-40d2-a371-7812e341cf28}</UniqueIdentifier>
    </Filter>
    <Filter Include="Dxerr">
      <UniqueIdentifier>{a8dc6ecf-eed3-4de9-8d88-bb1a5bb1fda6}</UniqueIdentifier>
    </Filter>
    <Filter Include="Debugging">
      <UniqueIdentifier>{9923c782-d72f-4764-8139-3fd0c1c4a750}</UniqueIdentifier>
    </Filter>
    <Filter Include="gp_math">
      <UniqueIdentifier>{5b7a267d-1e97-4479-8d0d-69c51839fa4b}</UniqueIdentifier>
    </Filter>
    <Filter Include="Hardware">
      <UniqueIdentifier>{89ee7098-463d-4f93-abc2-5162c219f855}</UniqueIdentifier>
    </Filter>
    <Filter Include="Hardware\Bindable">
      <UniqueIdentifier>{b888ad11-4cd7-4fb8-b870-cae3cf607c83}</UniqueIdentifier>
    </Filter>
    <Filter Include="Application">
      <UniqueIdentifier>{e46f2cdf-52dd-4b47-bc6d-af16645a8e92}</UniqueIdentifier>
    </Filter>
    <Filter Include="World">
      <UniqueIdentifier>{f5f47fef-b4d3-4017-84c4-b4c79542a480}</UniqueIdentifier>
    </Filter>
    <Filter Include="World\Object">
      <UniqueIdentifier>{4899627e-3e3c-497f-82b1-537154533104}</UniqueIdentifier>
    </Filter>
    <Filter Include="World\Object\Information">
      <UniqueIdentifier>{f4bb8bac-dddb-451c-a64a-55d611478f39}</UniqueIdentifier>
    </Filter>
    <Filter Include="Imgui">
      <UniqueIdentifier>{978ceded-104e-408e-9010-cb62047ffdc3}</UniqueIdentifier>
    </Filter>
  </ItemGroup>
  <ItemGroup>
    <ClCompile Include="WinMain.cpp">
      <Filter>Source Files</Filter>
    </ClCompile>
    <ClCompile Include="Window.cpp">
      <Filter>Source Files</Filter>
    </ClCompile>
    <ClCompile Include="App.cpp">
      <Filter>Source Files</Filter>
    </ClCompile>
    <ClCompile Include="Keyboard.cpp">
      <Filter>Source Files</Filter>
    </ClCompile>
    <ClCompile Include="Mouse.cpp">
      <Filter>Source Files</Filter>
    </ClCompile>
    <ClCompile Include="Timer.cpp">
      <Filter>Source Files</Filter>
    </ClCompile>
    <ClCompile Include="Renderer.cpp">
      <Filter>Source Files</Filter>
    </ClCompile>
    <ClCompile Include="dxerr.cpp">
      <Filter>Dxerr</Filter>
    </ClCompile>
    <ClCompile Include="BaseException.cpp">
      <Filter>Source Files</Filter>
    </ClCompile>
    <ClCompile Include="DxgiInfoManager.cpp">
      <Filter>Source Files</Filter>
    </ClCompile>
    <ClCompile Include="WindowsMessageMap.cpp">
      <Filter>Source Files</Filter>
    </ClCompile>
    <ClCompile Include="InputLayout.cpp">
      <Filter>Source Files</Filter>
    </ClCompile>
    <ClCompile Include="PixelShader.cpp">
      <Filter>Source Files</Filter>
    </ClCompile>
    <ClCompile Include="ConstantBuffer.cpp">
      <Filter>Source Files</Filter>
    </ClCompile>
    <ClCompile Include="Topology.cpp">
      <Filter>Source Files</Filter>
    </ClCompile>
    <ClCompile Include="VertexShader.cpp">
      <Filter>Source Files</Filter>
    </ClCompile>
    <ClCompile Include="IndexBuffer.cpp">
      <Filter>Source Files</Filter>
    </ClCompile>
    <ClCompile Include="DXResource.cpp">
      <Filter>Source Files</Filter>
    </ClCompile>
    <ClCompile Include="DXException.cpp">
      <Filter>Source Files</Filter>
    </ClCompile>
    <ClCompile Include="Surface.cpp">
      <Filter>Source Files</Filter>
    </ClCompile>
    <ClCompile Include="VertexBuffer.cpp">
      <Filter>Source Files</Filter>
    </ClCompile>
    <ClCompile Include="Camera.cpp">
      <Filter>Source Files</Filter>
    </ClCompile>
    <ClCompile Include="Coordinate.cpp">
      <Filter>Source Files</Filter>
    </ClCompile>
    <ClCompile Include="Coordinatable.cpp">
      <Filter>Source Files</Filter>
    </ClCompile>
    <ClCompile Include="DirectionalLight.cpp">
      <Filter>Source Files</Filter>
    </ClCompile>
    <ClCompile Include="GerstnerWave.cpp">
      <Filter>Source Files</Filter>
    </ClCompile>
    <ClCompile Include="WaterSurface.cpp">
      <Filter>Source Files</Filter>
    </ClCompile>
    <ClCompile Include="GerstnerWaveContainer.cpp">
      <Filter>Source Files</Filter>
    </ClCompile>
    <ClCompile Include="Object.cpp">
      <Filter>Source Files</Filter>
    </ClCompile>
    <ClCompile Include="Map.cpp">
      <Filter>Source Files</Filter>
    </ClCompile>
    <ClCompile Include="HemisphericAmbientLight.cpp">
      <Filter>Source Files</Filter>
    </ClCompile>
    <ClCompile Include="..\imgui\imgui.cpp">
      <Filter>Imgui</Filter>
    </ClCompile>
    <ClCompile Include="..\imgui\imgui_demo.cpp">
      <Filter>Imgui</Filter>
    </ClCompile>
    <ClCompile Include="..\imgui\imgui_draw.cpp">
      <Filter>Imgui</Filter>
    </ClCompile>
    <ClCompile Include="..\imgui\imgui_tables.cpp">
      <Filter>Imgui</Filter>
    </ClCompile>
    <ClCompile Include="..\imgui\imgui_widgets.cpp">
      <Filter>Imgui</Filter>
    </ClCompile>
    <ClCompile Include="..\imgui\misc\cpp\imgui_stdlib.cpp">
      <Filter>Imgui</Filter>
    </ClCompile>
    <ClCompile Include="..\imgui\backends\imgui_impl_dx11.cpp">
      <Filter>Imgui</Filter>
    </ClCompile>
    <ClCompile Include="..\imgui\backends\imgui_impl_win32.cpp">
      <Filter>Imgui</Filter>
    </ClCompile>
  </ItemGroup>
  <ItemGroup>
    <ClInclude Include="BaseException.h">
      <Filter>Debugging</Filter>
    </ClInclude>
    <ClInclude Include="DxgiInfoManager.h">
      <Filter>Debugging</Filter>
    </ClInclude>
    <ClInclude Include="dxerr.h">
      <Filter>Dxerr</Filter>
    </ClInclude>
    <ClInclude Include="WindowsMessageMap.h">
      <Filter>Debugging</Filter>
    </ClInclude>
    <ClInclude Include="IBindable.h">
      <Filter>Hardware\Bindable</Filter>
    </ClInclude>
    <ClInclude Include="Topology.h">
      <Filter>Hardware\Bindable</Filter>
    </ClInclude>
    <ClInclude Include="ConstantBuffer.h">
      <Filter>Hardware\Bindable</Filter>
    </ClInclude>
    <ClInclude Include="InputLayout.h">
      <Filter>Hardware\Bindable</Filter>
    </ClInclude>
    <ClInclude Include="PixelShader.h">
      <Filter>Hardware\Bindable</Filter>
    </ClInclude>
    <ClInclude Include="VertexBuffer.h">
      <Filter>Hardware\Bindable</Filter>
    </ClInclude>
    <ClInclude Include="VertexShader.h">
      <Filter>Hardware\Bindable</Filter>
    </ClInclude>
    <ClInclude Include="IndexBuffer.h">
      <Filter>Hardware\Bindable</Filter>
    </ClInclude>
    <ClInclude Include="DXException.h">
      <Filter>Debugging</Filter>
    </ClInclude>
    <ClInclude Include="DXExceptionMacro.h">
      <Filter>Debugging</Filter>
    </ClInclude>
    <ClInclude Include="WinExceptionHelper.h">
      <Filter>Debugging</Filter>
    </ClInclude>
    <ClInclude Include="Surface.h">
      <Filter>World\Object</Filter>
    </ClInclude>
    <ClInclude Include="DirectionalLight.h">
      <Filter>World\Object</Filter>
    </ClInclude>
    <ClInclude Include="Camera.h">
      <Filter>World\Object</Filter>
    </ClInclude>
    <ClInclude Include="Coordinate.h">
      <Filter>World\Object\Information</Filter>
    </ClInclude>
    <ClInclude Include="Coordinatable.h">
      <Filter>World\Object\Information</Filter>
    </ClInclude>
    <ClInclude Include="numeric_utility_functions.h">
      <Filter>gp_math</Filter>
    </ClInclude>
    <ClInclude Include="DXResource.h">
      <Filter>Hardware</Filter>
    </ClInclude>
    <ClInclude Include="HardwareHelper.h">
      <Filter>Hardware</Filter>
    </ClInclude>
    <ClInclude Include="Keyboard.h">
      <Filter>Hardware</Filter>
    </ClInclude>
    <ClInclude Include="Mouse.h">
      <Filter>Hardware</Filter>
    </ClInclude>
    <ClInclude Include="Renderer.h">
      <Filter>Hardware</Filter>
    </ClInclude>
    <ClInclude Include="Window.h">
      <Filter>Hardware</Filter>
    </ClInclude>
    <ClInclude Include="Object.h">
      <Filter>World\Object</Filter>
    </ClInclude>
    <ClInclude Include="GerstnerWave.h">
      <Filter>World\Object</Filter>
    </ClInclude>
    <ClInclude Include="GerstnerWaveContainer.h">
      <Filter>World\Object</Filter>
    </ClInclude>
    <ClInclude Include="WaterSurface.h">
      <Filter>World\Object</Filter>
    </ClInclude>
    <ClInclude Include="WindowsHeader.h">
      <Filter>Hardware</Filter>
    </ClInclude>
    <ClInclude Include="Timer.h">
      <Filter>Hardware</Filter>
    </ClInclude>
    <ClInclude Include="App.h">
      <Filter>Application</Filter>
    </ClInclude>
    <ClInclude Include="resource.h">
      <Filter>Resource Files</Filter>
    </ClInclude>
    <ClInclude Include="ConstantBuffers.h">
      <Filter>Hardware\Bindable</Filter>
    </ClInclude>
    <ClInclude Include="HemisphericAmbientLight.h">
      <Filter>World\Object</Filter>
    </ClInclude>
    <ClInclude Include="Map.h">
      <Filter>World</Filter>
    </ClInclude>
    <ClInclude Include="..\imgui\imconfig.h">
      <Filter>Imgui</Filter>
    </ClInclude>
    <ClInclude Include="..\imgui\imgui.h">
      <Filter>Imgui</Filter>
    </ClInclude>
    <ClInclude Include="..\imgui\imgui_internal.h">
      <Filter>Imgui</Filter>
    </ClInclude>
    <ClInclude Include="..\imgui\imstb_rectpack.h">
      <Filter>Imgui</Filter>
    </ClInclude>
    <ClInclude Include="..\imgui\imstb_textedit.h">
      <Filter>Imgui</Filter>
    </ClInclude>
    <ClInclude Include="..\imgui\imstb_truetype.h">
      <Filter>Imgui</Filter>
    </ClInclude>
    <ClInclude Include="..\imgui\misc\cpp\imgui_stdlib.h">
      <Filter>Imgui</Filter>
    </ClInclude>
    <ClInclude Include="..\imgui\backends\imgui_impl_dx11.h">
      <Filter>Imgui</Filter>
    </ClInclude>
    <ClInclude Include="..\imgui\backends\imgui_impl_win32.h">
      <Filter>Imgui</Filter>
    </ClInclude>
    <ClInclude Include="AffineSpaceTools.h">
      <Filter>gp_math</Filter>
    </ClInclude>
    <ClInclude Include="Data3D.h">
      <Filter>gp_math</Filter>
    </ClInclude>
  </ItemGroup>
  <ItemGroup>
    <ResourceCompile Include="Practice.rc">
      <Filter>Resource Files</Filter>
    </ResourceCompile>
  </ItemGroup>
  <ItemGroup>
    <Image Include="icon1.ico">
      <Filter>Resource Files</Filter>
    </Image>
  </ItemGroup>
  <ItemGroup>
    <None Include="DXTrace.inl">
      <Filter>Dxerr</Filter>
    </None>
    <None Include="DXGetErrorDescription.inl">
      <Filter>Dxerr</Filter>
    </None>
    <None Include="DXGetErrorString.inl">
      <Filter>Dxerr</Filter>
    </None>
    <None Include="ConstantBuffers.hlsli">
      <Filter>Shaders</Filter>
    </None>
    <None Include="GerstnerWaveParameters.hlsli">
      <Filter>Shaders</Filter>
    </None>
    <None Include="HemisphericAmbientLight.hlsli">
      <Filter>Shaders</Filter>
    </None>
    <None Include="..\imgui\misc\debuggers\imgui.natstepfilter">
      <Filter>Imgui</Filter>
    </None>
  </ItemGroup>
  <ItemGroup>
    <FxCompile Include="GerstnerWaveVS.hlsl">
      <Filter>Shaders</Filter>
    </FxCompile>
    <FxCompile Include="PixelShader.hlsl">
      <Filter>Shaders</Filter>
    </FxCompile>
  </ItemGroup>
  <ItemGroup>
    <Natvis Include="..\imgui\misc\debuggers\imgui.natvis">
      <Filter>Imgui</Filter>
    </Natvis>
  </ItemGroup>
</Project>